
Microsoft Visual Studio Solution File, Format Version 12.00
# Visual Studio Version 17
VisualStudioVersion = 17.9.34728.123
MinimumVisualStudioVersion = 10.0.40219.1
Project("{FAE04EC0-301F-11D3-BF4B-00C04F79EFBC}") = "fibonacci", "fibonacci\fibonacci.csproj", "{78594CD6-EBF3-48FB-B2D4-24DA4B602EDE}"
EndProject
Global
	GlobalSection(SolutionConfigurationPlatforms) = preSolution
		Debug|Any CPU = Debug|Any CPU
		Release|Any CPU = Release|Any CPU
	EndGlobalSection
	GlobalSection(ProjectConfigurationPlatforms) = postSolution
		{78594CD6-EBF3-48FB-B2D4-24DA4B602EDE}.Debug|Any CPU.ActiveCfg = Debug|Any CPU
		{78594CD6-EBF3-48FB-B2D4-24DA4B602EDE}.Debug|Any CPU.Build.0 = Debug|Any CPU
		{78594CD6-EBF3-48FB-B2D4-24DA4B602EDE}.Release|Any CPU.ActiveCfg = Release|Any CPU
		{78594CD6-EBF3-48FB-B2D4-24DA4B602EDE}.Release|Any CPU.Build.0 = Release|Any CPU
	EndGlobalSection
	GlobalSection(SolutionProperties) = preSolution
		HideSolutionNode = FALSE
	EndGlobalSection
	GlobalSection(ExtensibilityGlobals) = postSolution
		SolutionGuid = {10A16BB8-FBAA-4F4B-A8EB-709561F7852F}
	EndGlobalSection
EndGlobal
